Microsoft Visual Studio Solution File, Format Version 12.00
# Visual Studio Version 17
VisualStudioVersion = 17.0.31512.422
MinimumVisualStudioVersion = 10.0.40219.1
Project("{9A19103F-16F7-4668-BE54-9A1E7A4F7556}") = "SomethingNeedDoing", "SomethingNeedDoing\SomethingNeedDoing.csproj", "{7A28CFC7-5A98-41AD-8129-D835AEE9645A}"
EndProject
Project("{2150E333-8FDC-42A3-9474-1A3956D46DE8}") = "Github Actions", "Github Actions", "{635B3EB7-FE24-4F29-B35E-00CAC60CD76E}"
	ProjectSection(SolutionItems) = preProject
		.github\workflows\build.yml = .github\workflows\build.yml
	EndProjectSection
EndProject
Project("{2150E333-8FDC-42A3-9474-1A3956D46DE8}") = "Solution Items", "Solution Items", "{3F2D29D3-BCD8-4D9B-8366-C8134968AF64}"
	ProjectSection(SolutionItems) = preProject
		.editorconfig = .editorconfig
		.gitignore = .gitignore
		README.md = README.md
	EndProjectSection
EndProject
Project("{9A19103F-16F7-4668-BE54-9A1E7A4F7556}") = "FFXIVClientStructs", "lib\FFXIVClientStructs\FFXIVClientStructs\FFXIVClientStructs.csproj", "{5A15C40C-A15F-4E92-88E7-8F0323AAB284}"
EndProject
Project("{9A19103F-16F7-4668-BE54-9A1E7A4F7556}") = "ClickLib", "lib\ClickLib\ClickLib\ClickLib.csproj", "{CE149D6E-C8A4-48FB-B17B-A7E426AF9BDA}"
EndProject
Project("{9A19103F-16F7-4668-BE54-9A1E7A4F7556}") = "FFXIVClientStructs.Generators", "lib\FFXIVClientStructs\FFXIVClientStructs.Generators\FFXIVClientStructs.Generators.csproj", "{1976F2DB-CCC2-4338-A686-C74BE50261D5}"
EndProject
Global
	GlobalSection(SolutionConfigurationPlatforms) = preSolution
		Debug|Any CPU = Debug|Any CPU
		Debug|x64 = Debug|x64
		Release|Any CPU = Release|Any CPU
		Release|x64 = Release|x64
	EndGlobalSection
	GlobalSection(ProjectConfigurationPlatforms) = postSolution
		{7A28CFC7-5A98-41AD-8129-D835AEE9645A}.Debug|Any CPU.ActiveCfg = Debug|x64
		{7A28CFC7-5A98-41AD-8129-D835AEE9645A}.Debug|Any CPU.Build.0 = Debug|x64
		{7A28CFC7-5A98-41AD-8129-D835AEE9645A}.Debug|x64.ActiveCfg = Debug|x64
		{7A28CFC7-5A98-41AD-8129-D835AEE9645A}.Debug|x64.Build.0 = Debug|x64
		{7A28CFC7-5A98-41AD-8129-D835AEE9645A}.Release|Any CPU.ActiveCfg = Release|x64
		{7A28CFC7-5A98-41AD-8129-D835AEE9645A}.Release|Any CPU.Build.0 = Release|x64
		{7A28CFC7-5A98-41AD-8129-D835AEE9645A}.Release|x64.ActiveCfg = Release|x64
		{7A28CFC7-5A98-41AD-8129-D835AEE9645A}.Release|x64.Build.0 = Release|x64
		{5A15C40C-A15F-4E92-88E7-8F0323AAB284}.Debug|Any CPU.ActiveCfg = Debug|Any CPU
		{5A15C40C-A15F-4E92-88E7-8F0323AAB284}.Debug|Any CPU.Build.0 = Debug|Any CPU
		{5A15C40C-A15F-4E92-88E7-8F0323AAB284}.Debug|x64.ActiveCfg = Debug|Any CPU
		{5A15C40C-A15F-4E92-88E7-8F0323AAB284}.Debug|x64.Build.0 = Debug|Any CPU
		{5A15C40C-A15F-4E92-88E7-8F0323AAB284}.Release|Any CPU.ActiveCfg = Release|Any CPU
		{5A15C40C-A15F-4E92-88E7-8F0323AAB284}.Release|Any CPU.Build.0 = Release|Any CPU
		{5A15C40C-A15F-4E92-88E7-8F0323AAB284}.Release|x64.ActiveCfg = Release|Any CPU
		{5A15C40C-A15F-4E92-88E7-8F0323AAB284}.Release|x64.Build.0 = Release|Any CPU
		{CE149D6E-C8A4-48FB-B17B-A7E426AF9BDA}.Debug|Any CPU.ActiveCfg = Debug|x64
		{CE149D6E-C8A4-48FB-B17B-A7E426AF9BDA}.Debug|Any CPU.Build.0 = Debug|x64
		{CE149D6E-C8A4-48FB-B17B-A7E426AF9BDA}.Debug|x64.ActiveCfg = Debug|x64
		{CE149D6E-C8A4-48FB-B17B-A7E426AF9BDA}.Debug|x64.Build.0 = Debug|x64
		{CE149D6E-C8A4-48FB-B17B-A7E426AF9BDA}.Release|Any CPU.ActiveCfg = Release|x64
		{CE149D6E-C8A4-48FB-B17B-A7E426AF9BDA}.Release|Any CPU.Build.0 = Release|x64
		{CE149D6E-C8A4-48FB-B17B-A7E426AF9BDA}.Release|x64.ActiveCfg = Release|x64
		{CE149D6E-C8A4-48FB-B17B-A7E426AF9BDA}.Release|x64.Build.0 = Release|x64
		{1976F2DB-CCC2-4338-A686-C74BE50261D5}.Debug|Any CPU.ActiveCfg = Debug|Any CPU
		{1976F2DB-CCC2-4338-A686-C74BE50261D5}.Debug|Any CPU.Build.0 = Debug|Any CPU
		{1976F2DB-CCC2-4338-A686-C74BE50261D5}.Debug|x64.ActiveCfg = Debug|Any CPU
		{1976F2DB-CCC2-4338-A686-C74BE50261D5}.Debug|x64.Build.0 = Debug|Any CPU
		{1976F2DB-CCC2-4338-A686-C74BE50261D5}.Release|Any CPU.ActiveCfg = Release|Any CPU
		{1976F2DB-CCC2-4338-A686-C74BE50261D5}.Release|Any CPU.Build.0 = Release|Any CPU
		{1976F2DB-CCC2-4338-A686-C74BE50261D5}.Release|x64.ActiveCfg = Release|Any CPU
		{1976F2DB-CCC2-4338-A686-C74BE50261D5}.Release|x64.Build.0 = Release|Any CPU
	EndGlobalSection
	GlobalSection(SolutionProperties) = preSolution
		HideSolutionNode = FALSE
	EndGlobalSection
	GlobalSection(ExtensibilityGlobals) = postSolution
		SolutionGuid = {34F52F54-8900-418B-9073-30B67BB11314}
	EndGlobalSection
EndGlobal
