
Microsoft Visual Studio Solution File, Format Version 12.00
# Visual Studio Version 16
VisualStudioVersion = 16.0.30611.23
MinimumVisualStudioVersion = 10.0.40219.1
Project("{9A19103F-16F7-4668-BE54-9A1E7A4F7556}") = "SomethingNeedDoing", "SomethingNeedDoing\SomethingNeedDoing.csproj", "{17BDD103-8214-41EB-A241-76BA34499B9B}"
EndProject
Project("{2150E333-8FDC-42A3-9474-1A3956D46DE8}") = "Github Actions", "Github Actions", "{635B3EB7-FE24-4F29-B35E-00CAC60CD76E}"
	ProjectSection(SolutionItems) = preProject
		.github\workflows\build.yml = .github\workflows\build.yml
	EndProjectSection
EndProject
Project("{2150E333-8FDC-42A3-9474-1A3956D46DE8}") = "Solution Items", "Solution Items", "{3F2D29D3-BCD8-4D9B-8366-C8134968AF64}"
	ProjectSection(SolutionItems) = preProject
		.gitignore = .gitignore
	EndProjectSection
EndProject
Project("{9A19103F-16F7-4668-BE54-9A1E7A4F7556}") = "FFXIVClientStructs", "lib\FFXIVClientStructs\FFXIVClientStructs.csproj", "{EAA36845-140C-4804-87C8-BB390634A113}"
EndProject
Global
	GlobalSection(SolutionConfigurationPlatforms) = preSolution
		Debug|Any CPU = Debug|Any CPU
		Release|Any CPU = Release|Any CPU
	EndGlobalSection
	GlobalSection(ProjectConfigurationPlatforms) = postSolution
		{17BDD103-8214-41EB-A241-76BA34499B9B}.Debug|Any CPU.ActiveCfg = Debug|Any CPU
		{17BDD103-8214-41EB-A241-76BA34499B9B}.Debug|Any CPU.Build.0 = Debug|Any CPU
		{17BDD103-8214-41EB-A241-76BA34499B9B}.Release|Any CPU.ActiveCfg = Release|Any CPU
		{17BDD103-8214-41EB-A241-76BA34499B9B}.Release|Any CPU.Build.0 = Release|Any CPU
		{EAA36845-140C-4804-87C8-BB390634A113}.Debug|Any CPU.ActiveCfg = Debug|Any CPU
		{EAA36845-140C-4804-87C8-BB390634A113}.Debug|Any CPU.Build.0 = Debug|Any CPU
		{EAA36845-140C-4804-87C8-BB390634A113}.Release|Any CPU.ActiveCfg = Release|Any CPU
		{EAA36845-140C-4804-87C8-BB390634A113}.Release|Any CPU.Build.0 = Release|Any CPU
	EndGlobalSection
	GlobalSection(SolutionProperties) = preSolution
		HideSolutionNode = FALSE
	EndGlobalSection
	GlobalSection(ExtensibilityGlobals) = postSolution
		SolutionGuid = {34F52F54-8900-418B-9073-30B67BB11314}
	EndGlobalSection
EndGlobal
